<?xml version="1.0" encoding="utf-8"?>
<Project ToolsVersion="4.0" xmlns="http://schemas.microsoft.com/developer/msbuild/2003">
  <ItemGroup>
    <ClCompile Include="Application.cpp" />
    <ClCompile Include="Color.cpp" />
    <ClCompile Include="glmath.cpp" />
    <ClCompile Include="Light.cpp" />
    <ClCompile Include="log.cpp" />
    <ClCompile Include="Main.cpp" />
    <ClCompile Include="ModuleCamera3D.cpp" />
    <ClCompile Include="ModuleInput.cpp" />
    <ClCompile Include="ModuleRenderer3D.cpp" />
    <ClCompile Include="ModuleSceneIntro.cpp" />
    <ClCompile Include="ModuleWindow.cpp" />
    <ClCompile Include="Primitive.cpp" />
    <ClCompile Include="Timer.cpp" />
    <ClCompile Include="External\imgui\include\imgui.cpp">
      <Filter>Tools\ImGui</Filter>
    </ClCompile>
    <ClCompile Include="External\imgui\include\imgui_demo.cpp">
      <Filter>Tools\ImGui</Filter>
    </ClCompile>
    <ClCompile Include="External\imgui\include\imgui_draw.cpp">
      <Filter>Tools\ImGui</Filter>
    </ClCompile>
    <ClCompile Include="External\imgui\include\imgui_impl_opengl3.cpp">
      <Filter>Tools\ImGui</Filter>
    </ClCompile>
    <ClCompile Include="External\imgui\include\imgui_impl_sdl.cpp">
      <Filter>Tools\ImGui</Filter>
    </ClCompile>
    <ClCompile Include="External\imgui\include\imgui_tables.cpp">
      <Filter>Tools\ImGui</Filter>
    </ClCompile>
    <ClCompile Include="External\imgui\include\imgui_widgets.cpp">
      <Filter>Tools\ImGui</Filter>
    </ClCompile>
    <ClCompile Include="ModuleGUIManager.cpp">
      <Filter>GUI</Filter>
    </ClCompile>
    <ClCompile Include="External\MathGeoLib\include\Math\BitOps.cpp">
      <Filter>Tools\MathGeoLib\Math</Filter>
    </ClCompile>
    <ClCompile Include="External\MathGeoLib\include\Math\Callstack.cpp">
      <Filter>Tools\MathGeoLib\Math</Filter>
    </ClCompile>
    <ClCompile Include="External\MathGeoLib\include\Math\float2.cpp">
      <Filter>Tools\MathGeoLib\Math</Filter>
    </ClCompile>
    <ClCompile Include="External\MathGeoLib\include\Math\float3.cpp">
      <Filter>Tools\MathGeoLib\Math</Filter>
    </ClCompile>
    <ClCompile Include="External\MathGeoLib\include\Math\float3x3.cpp">
      <Filter>Tools\MathGeoLib\Math</Filter>
    </ClCompile>
    <ClCompile Include="External\MathGeoLib\include\Math\float3x4.cpp">
      <Filter>Tools\MathGeoLib\Math</Filter>
    </ClCompile>
    <ClCompile Include="External\MathGeoLib\include\Math\float4.cpp">
      <Filter>Tools\MathGeoLib\Math</Filter>
    </ClCompile>
    <ClCompile Include="External\MathGeoLib\include\Math\float4d.cpp">
      <Filter>Tools\MathGeoLib\Math</Filter>
    </ClCompile>
    <ClCompile Include="External\MathGeoLib\include\Math\float4x4.cpp">
      <Filter>Tools\MathGeoLib\Math</Filter>
    </ClCompile>
    <ClCompile Include="External\MathGeoLib\include\Math\grisu3.c">
      <Filter>Tools\MathGeoLib\Math</Filter>
    </ClCompile>
    <ClCompile Include="External\MathGeoLib\include\Math\grisu3_cpp.cpp">
      <Filter>Tools\MathGeoLib\Math</Filter>
    </ClCompile>
    <ClCompile Include="External\MathGeoLib\include\Math\MathFunc.cpp">
      <Filter>Tools\MathGeoLib\Math</Filter>
    </ClCompile>
    <ClCompile Include="External\MathGeoLib\include\Math\MathLog.cpp">
      <Filter>Tools\MathGeoLib\Math</Filter>
    </ClCompile>
    <ClCompile Include="External\MathGeoLib\include\Math\MathOps.cpp">
      <Filter>Tools\MathGeoLib\Math</Filter>
    </ClCompile>
    <ClCompile Include="External\MathGeoLib\include\Math\MiniFloat.cpp">
      <Filter>Tools\MathGeoLib\Math</Filter>
    </ClCompile>
    <ClCompile Include="External\MathGeoLib\include\Math\Polynomial.cpp">
      <Filter>Tools\MathGeoLib\Math</Filter>
    </ClCompile>
    <ClCompile Include="External\MathGeoLib\include\Math\Quat.cpp">
      <Filter>Tools\MathGeoLib\Math</Filter>
    </ClCompile>
    <ClCompile Include="External\MathGeoLib\include\Math\SSEMath.cpp">
      <Filter>Tools\MathGeoLib\Math</Filter>
    </ClCompile>
    <ClCompile Include="External\MathGeoLib\include\Math\TransformOps.cpp">
      <Filter>Tools\MathGeoLib\Math</Filter>
    </ClCompile>
    <ClCompile Include="External\MathGeoLib\include\Geometry\AABB.cpp">
      <Filter>Tools\MathGeoLib\Geometry</Filter>
    </ClCompile>
    <ClCompile Include="External\MathGeoLib\include\Geometry\Capsule.cpp">
      <Filter>Tools\MathGeoLib\Geometry</Filter>
    </ClCompile>
    <ClCompile Include="External\MathGeoLib\include\Geometry\Circle.cpp">
      <Filter>Tools\MathGeoLib\Geometry</Filter>
    </ClCompile>
    <ClCompile Include="External\MathGeoLib\include\Geometry\Circle2D.cpp">
      <Filter>Tools\MathGeoLib\Geometry</Filter>
    </ClCompile>
    <ClCompile Include="External\MathGeoLib\include\Geometry\Frustum.cpp">
      <Filter>Tools\MathGeoLib\Geometry</Filter>
    </ClCompile>
    <ClCompile Include="External\MathGeoLib\include\Geometry\Line.cpp">
      <Filter>Tools\MathGeoLib\Geometry</Filter>
    </ClCompile>
    <ClCompile Include="External\MathGeoLib\include\Geometry\LineSegment.cpp">
      <Filter>Tools\MathGeoLib\Geometry</Filter>
    </ClCompile>
    <ClCompile Include="External\MathGeoLib\include\Geometry\LineSegment2D.cpp">
      <Filter>Tools\MathGeoLib\Geometry</Filter>
    </ClCompile>
    <ClCompile Include="External\MathGeoLib\include\Geometry\OBB.cpp">
      <Filter>Tools\MathGeoLib\Geometry</Filter>
    </ClCompile>
    <ClCompile Include="External\MathGeoLib\include\Geometry\PBVolume.cpp">
      <Filter>Tools\MathGeoLib\Geometry</Filter>
    </ClCompile>
    <ClCompile Include="External\MathGeoLib\include\Geometry\Plane.cpp">
      <Filter>Tools\MathGeoLib\Geometry</Filter>
    </ClCompile>
    <ClCompile Include="External\MathGeoLib\include\Geometry\Polygon.cpp">
      <Filter>Tools\MathGeoLib\Geometry</Filter>
    </ClCompile>
    <ClCompile Include="External\MathGeoLib\include\Geometry\Polyhedron.cpp">
      <Filter>Tools\MathGeoLib\Geometry</Filter>
    </ClCompile>
    <ClCompile Include="External\MathGeoLib\include\Geometry\Ray.cpp">
      <Filter>Tools\MathGeoLib\Geometry</Filter>
    </ClCompile>
    <ClCompile Include="External\MathGeoLib\include\Geometry\Sphere.cpp">
      <Filter>Tools\MathGeoLib\Geometry</Filter>
    </ClCompile>
    <ClCompile Include="External\MathGeoLib\include\Geometry\Triangle.cpp">
      <Filter>Tools\MathGeoLib\Geometry</Filter>
    </ClCompile>
    <ClCompile Include="External\MathGeoLib\include\Geometry\Triangle2D.cpp">
      <Filter>Tools\MathGeoLib\Geometry</Filter>
    </ClCompile>
    <ClCompile Include="External\MathGeoLib\include\Geometry\TriangleMesh.cpp">
      <Filter>Tools\MathGeoLib\Geometry</Filter>
    </ClCompile>
    <ClCompile Include="External\MathGeoLib\include\Algorithm\Random\LCG.cpp">
      <Filter>Tools\MathGeoLib\Algorithm</Filter>
    </ClCompile>
    <ClCompile Include="External\MathGeoLib\include\Algorithm\GJK.cpp">
      <Filter>Tools\MathGeoLib\Algorithm</Filter>
    </ClCompile>
    <ClCompile Include="External\MathGeoLib\include\Algorithm\GJK2D.cpp">
      <Filter>Tools\MathGeoLib\Algorithm</Filter>
    </ClCompile>
    <ClCompile Include="External\MathGeoLib\include\Algorithm\SAT.cpp">
      <Filter>Tools\MathGeoLib\Algorithm</Filter>
    </ClCompile>
    <ClCompile Include="External\MathGeoLib\include\Time\Clock.cpp">
      <Filter>Tools\MathGeoLib\Time</Filter>
    </ClCompile>
    <ClCompile Include="External\parson\include\parson.c">
      <Filter>Tools\parson</Filter>
    </ClCompile>
    <ClCompile Include="ModuleFileManager.cpp" />
  </ItemGroup>
  <ItemGroup>
    <ClInclude Include="Application.h" />
    <ClInclude Include="Color.h" />
    <ClInclude Include="glmath.h" />
    <ClInclude Include="Globals.h" />
    <ClInclude Include="Light.h" />
    <ClInclude Include="ModuleCamera3D.h" />
    <ClInclude Include="ModuleRenderer3D.h" />
    <ClInclude Include="Module.h" />
    <ClInclude Include="ModuleInput.h" />
    <ClInclude Include="ModuleSceneIntro.h" />
    <ClInclude Include="ModuleWindow.h" />
    <ClInclude Include="Primitive.h" />
    <ClInclude Include="Timer.h" />
    <ClInclude Include="Glew\include\eglew.h">
      <Filter>Tools\Glew</Filter>
    </ClInclude>
    <ClInclude Include="Glew\include\glew.h">
      <Filter>Tools\Glew</Filter>
    </ClInclude>
    <ClInclude Include="Glew\include\glxew.h">
      <Filter>Tools\Glew</Filter>
    </ClInclude>
    <ClInclude Include="Glew\include\wglew.h">
      <Filter>Tools\Glew</Filter>
    </ClInclude>
    <ClInclude Include="External\imgui\include\imconfig.h">
      <Filter>Tools\ImGui</Filter>
    </ClInclude>
    <ClInclude Include="External\imgui\include\imgui.h">
      <Filter>Tools\ImGui</Filter>
    </ClInclude>
    <ClInclude Include="External\imgui\include\imgui_impl_opengl3.h">
      <Filter>Tools\ImGui</Filter>
    </ClInclude>
    <ClInclude Include="External\imgui\include\imgui_impl_opengl3_loader.h">
      <Filter>Tools\ImGui</Filter>
    </ClInclude>
    <ClInclude Include="External\imgui\include\imgui_impl_sdl.h">
      <Filter>Tools\ImGui</Filter>
    </ClInclude>
    <ClInclude Include="External\imgui\include\imgui_internal.h">
      <Filter>Tools\ImGui</Filter>
    </ClInclude>
    <ClInclude Include="External\imgui\include\imstb_rectpack.h">
      <Filter>Tools\ImGui</Filter>
    </ClInclude>
    <ClInclude Include="External\imgui\include\imstb_textedit.h">
      <Filter>Tools\ImGui</Filter>
    </ClInclude>
    <ClInclude Include="External\imgui\include\imstb_truetype.h">
      <Filter>Tools\ImGui</Filter>
    </ClInclude>
    <ClInclude Include="ModuleGUIManager.h">
      <Filter>GUI</Filter>
    </ClInclude>
    <ClInclude Include="External\MathGeoLib\include\MathBuildConfig.h">
      <Filter>Tools\MathGeoLib</Filter>
    </ClInclude>
    <ClInclude Include="External\MathGeoLib\include\MathGeoLib.h">
      <Filter>Tools\MathGeoLib</Filter>
    </ClInclude>
    <ClInclude Include="External\MathGeoLib\include\MathGeoLibFwd.h">
      <Filter>Tools\MathGeoLib</Filter>
    </ClInclude>
    <ClInclude Include="External\MathGeoLib\include\Math\assume.h">
      <Filter>Tools\MathGeoLib\Math</Filter>
    </ClInclude>
    <ClInclude Include="External\MathGeoLib\include\Math\BitFuncs.h">
      <Filter>Tools\MathGeoLib\Math</Filter>
    </ClInclude>
    <ClInclude Include="External\MathGeoLib\include\Math\BitOps.h">
      <Filter>Tools\MathGeoLib\Math</Filter>
    </ClInclude>
    <ClInclude Include="External\MathGeoLib\include\Math\Callstack.h">
      <Filter>Tools\MathGeoLib\Math</Filter>
    </ClInclude>
    <ClInclude Include="External\MathGeoLib\include\Math\FixedPoint.h">
      <Filter>Tools\MathGeoLib\Math</Filter>
    </ClInclude>
    <ClInclude Include="External\MathGeoLib\include\Math\float2.h">
      <Filter>Tools\MathGeoLib\Math</Filter>
    </ClInclude>
    <ClInclude Include="External\MathGeoLib\include\Math\float3.h">
      <Filter>Tools\MathGeoLib\Math</Filter>
    </ClInclude>
    <ClInclude Include="External\MathGeoLib\include\Math\float3x3.h">
      <Filter>Tools\MathGeoLib\Math</Filter>
    </ClInclude>
    <ClInclude Include="External\MathGeoLib\include\Math\float3x4.h">
      <Filter>Tools\MathGeoLib\Math</Filter>
    </ClInclude>
    <ClInclude Include="External\MathGeoLib\include\Math\float4.h">
      <Filter>Tools\MathGeoLib\Math</Filter>
    </ClInclude>
    <ClInclude Include="External\MathGeoLib\include\Math\float4_neon.h">
      <Filter>Tools\MathGeoLib\Math</Filter>
    </ClInclude>
    <ClInclude Include="External\MathGeoLib\include\Math\float4_sse.h">
      <Filter>Tools\MathGeoLib\Math</Filter>
    </ClInclude>
    <ClInclude Include="External\MathGeoLib\include\Math\float4d.h">
      <Filter>Tools\MathGeoLib\Math</Filter>
    </ClInclude>
    <ClInclude Include="External\MathGeoLib\include\Math\float4x4.h">
      <Filter>Tools\MathGeoLib\Math</Filter>
    </ClInclude>
    <ClInclude Include="External\MathGeoLib\include\Math\float4x4_neon.h">
      <Filter>Tools\MathGeoLib\Math</Filter>
    </ClInclude>
    <ClInclude Include="External\MathGeoLib\include\Math\float4x4_sse.h">
      <Filter>Tools\MathGeoLib\Math</Filter>
    </ClInclude>
    <ClInclude Include="External\MathGeoLib\include\Math\FloatCmp.h">
      <Filter>Tools\MathGeoLib\Math</Filter>
    </ClInclude>
    <ClInclude Include="External\MathGeoLib\include\Math\grisu3.h">
      <Filter>Tools\MathGeoLib\Math</Filter>
    </ClInclude>
    <ClInclude Include="External\MathGeoLib\include\Math\InclWindows.h">
      <Filter>Tools\MathGeoLib\Math</Filter>
    </ClInclude>
    <ClInclude Include="External\MathGeoLib\include\Math\Interpolate.h">
      <Filter>Tools\MathGeoLib\Math</Filter>
    </ClInclude>
    <ClInclude Include="External\MathGeoLib\include\Math\MathAll.h">
      <Filter>Tools\MathGeoLib\Math</Filter>
    </ClInclude>
    <ClInclude Include="External\MathGeoLib\include\Math\MathConstants.h">
      <Filter>Tools\MathGeoLib\Math</Filter>
    </ClInclude>
    <ClInclude Include="External\MathGeoLib\include\Math\MathFunc.h">
      <Filter>Tools\MathGeoLib\Math</Filter>
    </ClInclude>
    <ClInclude Include="External\MathGeoLib\include\Math\MathLog.h">
      <Filter>Tools\MathGeoLib\Math</Filter>
    </ClInclude>
    <ClInclude Include="External\MathGeoLib\include\Math\MathNamespace.h">
      <Filter>Tools\MathGeoLib\Math</Filter>
    </ClInclude>
    <ClInclude Include="External\MathGeoLib\include\Math\MathTypes.h">
      <Filter>Tools\MathGeoLib\Math</Filter>
    </ClInclude>
    <ClInclude Include="External\MathGeoLib\include\Math\MatrixProxy.h">
      <Filter>Tools\MathGeoLib\Math</Filter>
    </ClInclude>
    <ClInclude Include="External\MathGeoLib\include\Math\MiniFloat.h">
      <Filter>Tools\MathGeoLib\Math</Filter>
    </ClInclude>
    <ClInclude Include="External\MathGeoLib\include\Math\MultiLineMacro.h">
      <Filter>Tools\MathGeoLib\Math</Filter>
    </ClInclude>
    <ClInclude Include="External\MathGeoLib\include\Math\myassert.h">
      <Filter>Tools\MathGeoLib\Math</Filter>
    </ClInclude>
    <ClInclude Include="External\MathGeoLib\include\Math\Polynomial.h">
      <Filter>Tools\MathGeoLib\Math</Filter>
    </ClInclude>
    <ClInclude Include="External\MathGeoLib\include\Math\Quat.h">
      <Filter>Tools\MathGeoLib\Math</Filter>
    </ClInclude>
    <ClInclude Include="External\MathGeoLib\include\Math\quat_simd.h">
      <Filter>Tools\MathGeoLib\Math</Filter>
    </ClInclude>
    <ClInclude Include="External\MathGeoLib\include\Math\Rect.h">
      <Filter>Tools\MathGeoLib\Math</Filter>
    </ClInclude>
    <ClInclude Include="External\MathGeoLib\include\Math\Reinterpret.h">
      <Filter>Tools\MathGeoLib\Math</Filter>
    </ClInclude>
    <ClInclude Include="External\MathGeoLib\include\Math\simd.h">
      <Filter>Tools\MathGeoLib\Math</Filter>
    </ClInclude>
    <ClInclude Include="External\MathGeoLib\include\Math\sse_mathfun.h">
      <Filter>Tools\MathGeoLib\Math</Filter>
    </ClInclude>
    <ClInclude Include="External\MathGeoLib\include\Math\SSEMath.h">
      <Filter>Tools\MathGeoLib\Math</Filter>
    </ClInclude>
    <ClInclude Include="External\MathGeoLib\include\Math\Swap.h">
      <Filter>Tools\MathGeoLib\Math</Filter>
    </ClInclude>
    <ClInclude Include="External\MathGeoLib\include\Math\TransformOps.h">
      <Filter>Tools\MathGeoLib\Math</Filter>
    </ClInclude>
    <ClInclude Include="External\MathGeoLib\include\Math\vec2d.h">
      <Filter>Tools\MathGeoLib\Math</Filter>
    </ClInclude>
    <ClInclude Include="External\MathGeoLib\include\Geometry\AABB.h">
      <Filter>Tools\MathGeoLib\Geometry</Filter>
    </ClInclude>
    <ClInclude Include="External\MathGeoLib\include\Geometry\AABB2D.h">
      <Filter>Tools\MathGeoLib\Geometry</Filter>
    </ClInclude>
    <ClInclude Include="External\MathGeoLib\include\Geometry\Capsule.h">
      <Filter>Tools\MathGeoLib\Geometry</Filter>
    </ClInclude>
    <ClInclude Include="External\MathGeoLib\include\Geometry\Circle.h">
      <Filter>Tools\MathGeoLib\Geometry</Filter>
    </ClInclude>
    <ClInclude Include="External\MathGeoLib\include\Geometry\Circle2D.h">
      <Filter>Tools\MathGeoLib\Geometry</Filter>
    </ClInclude>
    <ClInclude Include="External\MathGeoLib\include\Geometry\Frustum.h">
      <Filter>Tools\MathGeoLib\Geometry</Filter>
    </ClInclude>
    <ClInclude Include="External\MathGeoLib\include\Geometry\GeometryAll.h">
      <Filter>Tools\MathGeoLib\Geometry</Filter>
    </ClInclude>
    <ClInclude Include="External\MathGeoLib\include\Geometry\GeomType.h">
      <Filter>Tools\MathGeoLib\Geometry</Filter>
    </ClInclude>
    <ClInclude Include="External\MathGeoLib\include\Geometry\HitInfo.h">
      <Filter>Tools\MathGeoLib\Geometry</Filter>
    </ClInclude>
    <ClInclude Include="External\MathGeoLib\include\Geometry\KDTree.h">
      <Filter>Tools\MathGeoLib\Geometry</Filter>
    </ClInclude>
    <ClInclude Include="External\MathGeoLib\include\Geometry\Line.h">
      <Filter>Tools\MathGeoLib\Geometry</Filter>
    </ClInclude>
    <ClInclude Include="External\MathGeoLib\include\Geometry\LineSegment.h">
      <Filter>Tools\MathGeoLib\Geometry</Filter>
    </ClInclude>
    <ClInclude Include="External\MathGeoLib\include\Geometry\LineSegment2D.h">
      <Filter>Tools\MathGeoLib\Geometry</Filter>
    </ClInclude>
    <ClInclude Include="External\MathGeoLib\include\Geometry\OBB.h">
      <Filter>Tools\MathGeoLib\Geometry</Filter>
    </ClInclude>
    <ClInclude Include="External\MathGeoLib\include\Geometry\OBB2D.h">
      <Filter>Tools\MathGeoLib\Geometry</Filter>
    </ClInclude>
    <ClInclude Include="External\MathGeoLib\include\Geometry\PBVolume.h">
      <Filter>Tools\MathGeoLib\Geometry</Filter>
    </ClInclude>
    <ClInclude Include="External\MathGeoLib\include\Geometry\Plane.h">
      <Filter>Tools\MathGeoLib\Geometry</Filter>
    </ClInclude>
    <ClInclude Include="External\MathGeoLib\include\Geometry\Polygon.h">
      <Filter>Tools\MathGeoLib\Geometry</Filter>
    </ClInclude>
    <ClInclude Include="External\MathGeoLib\include\Geometry\Polygon2DRef.h">
      <Filter>Tools\MathGeoLib\Geometry</Filter>
    </ClInclude>
    <ClInclude Include="External\MathGeoLib\include\Geometry\Polyhedron.h">
      <Filter>Tools\MathGeoLib\Geometry</Filter>
    </ClInclude>
    <ClInclude Include="External\MathGeoLib\include\Geometry\QuadTree.h">
      <Filter>Tools\MathGeoLib\Geometry</Filter>
    </ClInclude>
    <ClInclude Include="External\MathGeoLib\include\Geometry\Ray.h">
      <Filter>Tools\MathGeoLib\Geometry</Filter>
    </ClInclude>
    <ClInclude Include="External\MathGeoLib\include\Geometry\Sphere.h">
      <Filter>Tools\MathGeoLib\Geometry</Filter>
    </ClInclude>
    <ClInclude Include="External\MathGeoLib\include\Geometry\Triangle.h">
      <Filter>Tools\MathGeoLib\Geometry</Filter>
    </ClInclude>
    <ClInclude Include="External\MathGeoLib\include\Geometry\Triangle2D.h">
      <Filter>Tools\MathGeoLib\Geometry</Filter>
    </ClInclude>
    <ClInclude Include="External\MathGeoLib\include\Geometry\TriangleMesh.h">
      <Filter>Tools\MathGeoLib\Geometry</Filter>
    </ClInclude>
    <ClInclude Include="External\MathGeoLib\include\Algorithm\Random\LCG.h">
      <Filter>Tools\MathGeoLib\Algorithm</Filter>
    </ClInclude>
    <ClInclude Include="External\MathGeoLib\include\Algorithm\GJK.h">
      <Filter>Tools\MathGeoLib\Algorithm</Filter>
    </ClInclude>
    <ClInclude Include="External\MathGeoLib\include\Algorithm\GJK2D.h">
      <Filter>Tools\MathGeoLib\Algorithm</Filter>
    </ClInclude>
    <ClInclude Include="External\MathGeoLib\include\Algorithm\SAT.h">
      <Filter>Tools\MathGeoLib\Algorithm</Filter>
    </ClInclude>
    <ClInclude Include="External\MathGeoLib\include\Time\Clock.h">
      <Filter>Tools\MathGeoLib\Time</Filter>
    </ClInclude>
    <ClInclude Include="External\parson\include\parson.h">
      <Filter>Tools\parson</Filter>
    </ClInclude>
    <ClInclude Include="ConsoleBuffer.h">
      <Filter>Tools</Filter>
    </ClInclude>
    <ClInclude Include="..\..\..\..\Desktop\Thor-Engine-master\ThorEngine\Source Code\External Libraries\Assimp\include\scene.h">
      <Filter>Tools\Assimp</Filter>
    </ClInclude>
    <ClInclude Include="..\..\..\..\Desktop\Thor-Engine-master\ThorEngine\Source Code\External Libraries\Assimp\include\texture.h">
      <Filter>Tools\Assimp</Filter>
    </ClInclude>
    <ClInclude Include="..\..\..\..\Desktop\Thor-Engine-master\ThorEngine\Source Code\External Libraries\Assimp\include\types.h">
      <Filter>Tools\Assimp</Filter>
    </ClInclude>
    <ClInclude Include="..\..\..\..\Desktop\Thor-Engine-master\ThorEngine\Source Code\External Libraries\Assimp\include\vector2.h">
      <Filter>Tools\Assimp</Filter>
    </ClInclude>
    <ClInclude Include="..\..\..\..\Desktop\Thor-Engine-master\ThorEngine\Source Code\External Libraries\Assimp\include\vector3.h">
      <Filter>Tools\Assimp</Filter>
    </ClInclude>
    <ClInclude Include="..\..\..\..\Desktop\Thor-Engine-master\ThorEngine\Source Code\External Libraries\Assimp\include\version.h">
      <Filter>Tools\Assimp</Filter>
    </ClInclude>
    <ClInclude Include="..\..\..\..\Desktop\Thor-Engine-master\ThorEngine\Source Code\External Libraries\Assimp\include\Compiler\poppack1.h">
      <Filter>Tools\Assimp</Filter>
    </ClInclude>
    <ClInclude Include="..\..\..\..\Desktop\Thor-Engine-master\ThorEngine\Source Code\External Libraries\Assimp\include\Compiler\pstdint.h">
      <Filter>Tools\Assimp</Filter>
    </ClInclude>
    <ClInclude Include="..\..\..\..\Desktop\Thor-Engine-master\ThorEngine\Source Code\External Libraries\Assimp\include\Compiler\pushpack1.h">
      <Filter>Tools\Assimp</Filter>
    </ClInclude>
    <ClInclude Include="..\..\..\..\Desktop\Thor-Engine-master\ThorEngine\Source Code\External Libraries\Assimp\include\port\AndroidJNI\AndroidJNIIOSystem.h">
      <Filter>Tools\Assimp</Filter>
    </ClInclude>
    <ClInclude Include="..\..\..\..\Desktop\Thor-Engine-master\ThorEngine\Source Code\External Libraries\Assimp\include\ai_assert.h">
      <Filter>Tools\Assimp</Filter>
    </ClInclude>
    <ClInclude Include="..\..\..\..\Desktop\Thor-Engine-master\ThorEngine\Source Code\External Libraries\Assimp\include\anim.h">
      <Filter>Tools\Assimp</Filter>
    </ClInclude>
    <ClInclude Include="..\..\..\..\Desktop\Thor-Engine-master\ThorEngine\Source Code\External Libraries\Assimp\include\camera.h">
      <Filter>Tools\Assimp</Filter>
    </ClInclude>
    <ClInclude Include="..\..\..\..\Desktop\Thor-Engine-master\ThorEngine\Source Code\External Libraries\Assimp\include\cexport.h">
      <Filter>Tools\Assimp</Filter>
    </ClInclude>
    <ClInclude Include="..\..\..\..\Desktop\Thor-Engine-master\ThorEngine\Source Code\External Libraries\Assimp\include\cfileio.h">
      <Filter>Tools\Assimp</Filter>
    </ClInclude>
    <ClInclude Include="..\..\..\..\Desktop\Thor-Engine-master\ThorEngine\Source Code\External Libraries\Assimp\include\cimport.h">
      <Filter>Tools\Assimp</Filter>
    </ClInclude>
    <ClInclude Include="..\..\..\..\Desktop\Thor-Engine-master\ThorEngine\Source Code\External Libraries\Assimp\include\color4.h">
      <Filter>Tools\Assimp</Filter>
    </ClInclude>
    <ClInclude Include="..\..\..\..\Desktop\Thor-Engine-master\ThorEngine\Source Code\External Libraries\Assimp\include\config.h">
      <Filter>Tools\Assimp</Filter>
    </ClInclude>
    <ClInclude Include="..\..\..\..\Desktop\Thor-Engine-master\ThorEngine\Source Code\External Libraries\Assimp\include\DefaultLogger.hpp">
      <Filter>Tools\Assimp</Filter>
    </ClInclude>
    <ClInclude Include="..\..\..\..\Desktop\Thor-Engine-master\ThorEngine\Source Code\External Libraries\Assimp\include\defs.h">
      <Filter>Tools\Assimp</Filter>
    </ClInclude>
    <ClInclude Include="..\..\..\..\Desktop\Thor-Engine-master\ThorEngine\Source Code\External Libraries\Assimp\include\Exporter.hpp">
      <Filter>Tools\Assimp</Filter>
    </ClInclude>
    <ClInclude Include="..\..\..\..\Desktop\Thor-Engine-master\ThorEngine\Source Code\External Libraries\Assimp\include\Importer.hpp">
      <Filter>Tools\Assimp</Filter>
    </ClInclude>
    <ClInclude Include="..\..\..\..\Desktop\Thor-Engine-master\ThorEngine\Source Code\External Libraries\Assimp\include\importerdesc.h">
      <Filter>Tools\Assimp</Filter>
    </ClInclude>
    <ClInclude Include="..\..\..\..\Desktop\Thor-Engine-master\ThorEngine\Source Code\External Libraries\Assimp\include\IOStream.hpp">
      <Filter>Tools\Assimp</Filter>
    </ClInclude>
    <ClInclude Include="..\..\..\..\Desktop\Thor-Engine-master\ThorEngine\Source Code\External Libraries\Assimp\include\IOSystem.hpp">
      <Filter>Tools\Assimp</Filter>
    </ClInclude>
    <ClInclude Include="..\..\..\..\Desktop\Thor-Engine-master\ThorEngine\Source Code\External Libraries\Assimp\include\light.h">
      <Filter>Tools\Assimp</Filter>
    </ClInclude>
    <ClInclude Include="..\..\..\..\Desktop\Thor-Engine-master\ThorEngine\Source Code\External Libraries\Assimp\include\Logger.hpp">
      <Filter>Tools\Assimp</Filter>
    </ClInclude>
    <ClInclude Include="..\..\..\..\Desktop\Thor-Engine-master\ThorEngine\Source Code\External Libraries\Assimp\include\LogStream.hpp">
      <Filter>Tools\Assimp</Filter>
    </ClInclude>
    <ClInclude Include="..\..\..\..\Desktop\Thor-Engine-master\ThorEngine\Source Code\External Libraries\Assimp\include\material.h">
      <Filter>Tools\Assimp</Filter>
    </ClInclude>
    <ClInclude Include="..\..\..\..\Desktop\Thor-Engine-master\ThorEngine\Source Code\External Libraries\Assimp\include\matrix3x3.h">
      <Filter>Tools\Assimp</Filter>
    </ClInclude>
    <ClInclude Include="..\..\..\..\Desktop\Thor-Engine-master\ThorEngine\Source Code\External Libraries\Assimp\include\matrix4x4.h">
      <Filter>Tools\Assimp</Filter>
    </ClInclude>
    <ClInclude Include="..\..\..\..\Desktop\Thor-Engine-master\ThorEngine\Source Code\External Libraries\Assimp\include\mesh.h">
      <Filter>Tools\Assimp</Filter>
    </ClInclude>
    <ClInclude Include="..\..\..\..\Desktop\Thor-Engine-master\ThorEngine\Source Code\External Libraries\Assimp\include\metadata.h">
      <Filter>Tools\Assimp</Filter>
    </ClInclude>
    <ClInclude Include="..\..\..\..\Desktop\Thor-Engine-master\ThorEngine\Source Code\External Libraries\Assimp\include\NullLogger.hpp">
      <Filter>Tools\Assimp</Filter>
    </ClInclude>
    <ClInclude Include="..\..\..\..\Desktop\Thor-Engine-master\ThorEngine\Source Code\External Libraries\Assimp\include\postprocess.h">
      <Filter>Tools\Assimp</Filter>
    </ClInclude>
    <ClInclude Include="..\..\..\..\Desktop\Thor-Engine-master\ThorEngine\Source Code\External Libraries\Assimp\include\ProgressHandler.hpp">
      <Filter>Tools\Assimp</Filter>
    </ClInclude>
    <ClInclude Include="..\..\..\..\Desktop\Thor-Engine-master\ThorEngine\Source Code\External Libraries\Assimp\include\quaternion.h">
      <Filter>Tools\Assimp</Filter>
    </ClInclude>
    <ClInclude Include="ModuleFileManager.h" />
  </ItemGroup>
  <ItemGroup>
    <Filter Include="Tools">
      <UniqueIdentifier>{efbf4077-d4f2-425c-9bc2-470a76b56ee2}</UniqueIdentifier>
    </Filter>
    <Filter Include="Tools\ImGui">
      <UniqueIdentifier>{85f6b54b-5744-462b-9665-441a8ba5d7a9}</UniqueIdentifier>
    </Filter>
    <Filter Include="Tools\Glew">
      <UniqueIdentifier>{8d513c63-bfdc-4d85-9d8a-4f45d0f9007e}</UniqueIdentifier>
    </Filter>
    <Filter Include="GUI">
      <UniqueIdentifier>{e6098e3c-3dba-4b5f-8ac5-1f56ed3e91d6}</UniqueIdentifier>
    </Filter>
    <Filter Include="Tools\MathGeoLib">
      <UniqueIdentifier>{3c10816e-3569-47ae-aa5a-c459a8c8920c}</UniqueIdentifier>
    </Filter>
    <Filter Include="Tools\MathGeoLib\Math">
      <UniqueIdentifier>{c9c0eeaa-1a2c-4fba-9f37-b921972becc7}</UniqueIdentifier>
    </Filter>
    <Filter Include="Tools\MathGeoLib\Geometry">
      <UniqueIdentifier>{199fc405-a84d-4a2b-83d3-24db95e83d51}</UniqueIdentifier>
    </Filter>
    <Filter Include="Tools\MathGeoLib\Algorithm">
      <UniqueIdentifier>{09feacdf-2067-444c-9b6d-b82c3bd43e0e}</UniqueIdentifier>
    </Filter>
    <Filter Include="Tools\MathGeoLib\Time">
      <UniqueIdentifier>{b914a6f6-67aa-4d02-829d-ae1a69fa21cd}</UniqueIdentifier>
    </Filter>
    <Filter Include="Tools\parson">
      <UniqueIdentifier>{20569916-7d31-4c8e-bcb9-3f196ba43df3}</UniqueIdentifier>
    </Filter>
    <Filter Include="Tools\Assimp">
      <UniqueIdentifier>{0a415e58-bdf0-48f6-86e9-2df38e831939}</UniqueIdentifier>
    </Filter>
  </ItemGroup>
  <ItemGroup>
    <None Include="External\MathGeoLib\include\Math\float2.inl">
      <Filter>Tools\MathGeoLib\Math</Filter>
    </None>
    <None Include="External\MathGeoLib\include\Math\Matrix.inl">
      <Filter>Tools\MathGeoLib\Math</Filter>
    </None>
    <None Include="External\MathGeoLib\include\Geometry\KDTree.inl">
      <Filter>Tools\MathGeoLib\Geometry</Filter>
    </None>
    <None Include="External\MathGeoLib\include\Geometry\QuadTree.inl">
      <Filter>Tools\MathGeoLib\Geometry</Filter>
    </None>
    <None Include="External\MathGeoLib\include\Geometry\TriangleMesh_IntersectRay_AVX.inl">
      <Filter>Tools\MathGeoLib\Geometry</Filter>
    </None>
    <None Include="External\MathGeoLib\include\Geometry\TriangleMesh_IntersectRay_CPP.inl">
      <Filter>Tools\MathGeoLib\Geometry</Filter>
    </None>
    <None Include="External\MathGeoLib\include\Geometry\TriangleMesh_IntersectRay_SSE.inl">
      <Filter>Tools\MathGeoLib\Geometry</Filter>
    </None>
    <None Include="..\..\..\..\Desktop\Thor-Engine-master\ThorEngine\Source Code\External Libraries\Assimp\include\vector2.inl">
      <Filter>Tools\Assimp</Filter>
    </None>
    <None Include="..\..\..\..\Desktop\Thor-Engine-master\ThorEngine\Source Code\External Libraries\Assimp\include\vector3.inl">
      <Filter>Tools\Assimp</Filter>
    </None>
    <None Include="..\..\..\..\Desktop\Thor-Engine-master\ThorEngine\Source Code\External Libraries\Assimp\include\color4.inl">
      <Filter>Tools\Assimp</Filter>
    </None>
    <None Include="..\..\..\..\Desktop\Thor-Engine-master\ThorEngine\Source Code\External Libraries\Assimp\include\material.inl">
      <Filter>Tools\Assimp</Filter>
    </None>
    <None Include="..\..\..\..\Desktop\Thor-Engine-master\ThorEngine\Source Code\External Libraries\Assimp\include\matrix3x3.inl">
      <Filter>Tools\Assimp</Filter>
    </None>
    <None Include="..\..\..\..\Desktop\Thor-Engine-master\ThorEngine\Source Code\External Libraries\Assimp\include\matrix4x4.inl">
      <Filter>Tools\Assimp</Filter>
    </None>
    <None Include="..\..\..\..\Desktop\Thor-Engine-master\ThorEngine\Source Code\External Libraries\Assimp\include\quaternion.inl">
      <Filter>Tools\Assimp</Filter>
    </None>
  </ItemGroup>
</Project>